
Microsoft Visual Studio Solution File, Format Version 12.00
# Visual Studio Version 16
VisualStudioVersion = 16.0.29424.173
MinimumVisualStudioVersion = 10.0.40219.1
Project("{FAE04EC0-301F-11D3-BF4B-00C04F79EFBC}") = "(G)UI++", "UI++Editor\(G)UI++.csproj", "{1BD21D56-CAC9-48AD-9B67-5A291AB4C2A7}"
EndProject
Global
	GlobalSection(SolutionConfigurationPlatforms) = preSolution
		Debug|Any CPU = Debug|Any CPU
		Release|Any CPU = Release|Any CPU
	EndGlobalSection
	GlobalSection(ProjectConfigurationPlatforms) = postSolution
		{1BD21D56-CAC9-48AD-9B67-5A291AB4C2A7}.Debug|Any CPU.ActiveCfg = Debug|Any CPU
		{1BD21D56-CAC9-48AD-9B67-5A291AB4C2A7}.Debug|Any CPU.Build.0 = Debug|Any CPU
		{1BD21D56-CAC9-48AD-9B67-5A291AB4C2A7}.Release|Any CPU.ActiveCfg = Release|Any CPU
		{1BD21D56-CAC9-48AD-9B67-5A291AB4C2A7}.Release|Any CPU.Build.0 = Release|Any CPU
	EndGlobalSection
	GlobalSection(SolutionProperties) = preSolution
		HideSolutionNode = FALSE
	EndGlobalSection
	GlobalSection(ExtensibilityGlobals) = postSolution
		SolutionGuid = {55A0C79A-28A6-46C9-ABCA-C9F834624F92}
	EndGlobalSection
EndGlobal
